// !$*UTF8*$!
{
	archiveVersion = 1;
	classes = {
	};
	objectVersion = 50;
	objects = {

/* Begin PBXBuildFile section */
		3C030FFF26F88E35000DB35A /* AppDelegate.swift in Sources */ = {isa = PBXBuildFile; fileRef = 3C030FFE26F88E35000DB35A /* AppDelegate.swift */; };
		3C03100126F88E35000DB35A /* SceneDelegate.swift in Sources */ = {isa = PBXBuildFile; fileRef = 3C03100026F88E35000DB35A /* SceneDelegate.swift */; };
		3C03100326F88E35000DB35A /* ViewController.swift in Sources */ = {isa = PBXBuildFile; fileRef = 3C03100226F88E35000DB35A /* ViewController.swift */; };
		3C03100626F88E35000DB35A /* Main.storyboard in Resources */ = {isa = PBXBuildFile; fileRef = 3C03100426F88E35000DB35A /* Main.storyboard */; };
		3C03100826F88E37000DB35A /* Assets.xcassets in Resources */ = {isa = PBXBuildFile; fileRef = 3C03100726F88E37000DB35A /* Assets.xcassets */; };
		3C03100B26F88E37000DB35A /* LaunchScreen.storyboard in Resources */ = {isa = PBXBuildFile; fileRef = 3C03100926F88E37000DB35A /* LaunchScreen.storyboard */; };
		3C03101626F88E38000DB35A /* XylophoneTests.swift in Sources */ = {isa = PBXBuildFile; fileRef = 3C03101526F88E38000DB35A /* XylophoneTests.swift */; };
		3C03102126F88E38000DB35A /* XylophoneUITests.swift in Sources */ = {isa = PBXBuildFile; fileRef = 3C03102026F88E38000DB35A /* XylophoneUITests.swift */; };
/* End PBXBuildFile section */

/* Begin PBXContainerItemProxy section */
		3C03101226F88E38000DB35A /* PBXContainerItemProxy */ = {
			isa = PBXContainerItemProxy;
			containerPortal = 3C030FF326F88E35000DB35A /* Project object */;
			proxyType = 1;
			remoteGlobalIDString = 3C030FFA26F88E35000DB35A;
			remoteInfo = Xylophone;
		};
		3C03101D26F88E38000DB35A /* PBXContainerItemProxy */ = {
			isa = PBXContainerItemProxy;
			containerPortal = 3C030FF326F88E35000DB35A /* Project object */;
			proxyType = 1;
			remoteGlobalIDString = 3C030FFA26F88E35000DB35A;
			remoteInfo = Xylophone;
		};
/* End PBXContainerItemProxy section */

/* Begin PBXFileReference section */
		3C030FFB26F88E35000DB35A /* Xylophone.app */ = {isa = PBXFileReference; explicitFileType = wrapper.application; includeInIndex = 0; path = Xylophone.app; sourceTree = BUILT_PRODUCTS_DIR; };
		3C030FFE26F88E35000DB35A /* AppDelegate.swift */ = {isa = PBXFileReference; lastKnownFileType = sourcecode.swift; path = AppDelegate.swift; sourceTree = "<group>"; };
		3C03100026F88E35000DB35A /* SceneDelegate.swift */ = {isa = PBXFileReference; lastKnownFileType = sourcecode.swift; path = SceneDelegate.swift; sourceTree = "<group>"; };
		3C03100226F88E35000DB35A /* ViewController.swift */ = {isa = PBXFileReference; lastKnownFileType = sourcecode.swift; path = ViewController.swift; sourceTree = "<group>"; };
		3C03100526F88E35000DB35A /* Base */ = {isa = PBXFileReference; lastKnownFileType = file.storyboard; name = Base; path = Base.lproj/Main.storyboard; sourceTree = "<group>"; };
		3C03100726F88E37000DB35A /* Assets.xcassets */ = {isa = PBXFileReference; lastKnownFileType = folder.assetcatalog; path = Assets.xcassets; sourceTree = "<group>"; };
		3C03100A26F88E37000DB35A /* Base */ = {isa = PBXFileReference; lastKnownFileType = file.storyboard; name = Base; path = Base.lproj/LaunchScreen.storyboard; sourceTree = "<group>"; };
		3C03100C26F88E37000DB35A /* Info.plist */ = {isa = PBXFileReference; lastKnownFileType = text.plist.xml; path = Info.plist; sourceTree = "<group>"; };
		3C03101126F88E38000DB35A /* XylophoneTests.xctest */ = {isa = PBXFileReference; explicitFileType = wrapper.cfbundle; includeInIndex = 0; path = XylophoneTests.xctest; sourceTree = BUILT_PRODUCTS_DIR; };
		3C03101526F88E38000DB35A /* XylophoneTests.swift */ = {isa = PBXFileReference; lastKnownFileType = sourcecode.swift; path = XylophoneTests.swift; sourceTree = "<group>"; };
		3C03101726F88E38000DB35A /* Info.plist */ = {isa = PBXFileReference; lastKnownFileType = text.plist.xml; path = Info.plist; sourceTree = "<group>"; };
		3C03101C26F88E38000DB35A /* XylophoneUITests.xctest */ = {isa = PBXFileReference; explicitFileType = wrapper.cfbundle; includeInIndex = 0; path = XylophoneUITests.xctest; sourceTree = BUILT_PRODUCTS_DIR; };
		3C03102026F88E38000DB35A /* XylophoneUITests.swift */ = {isa = PBXFileReference; lastKnownFileType = sourcecode.swift; path = XylophoneUITests.swift; sourceTree = "<group>"; };
		3C03102226F88E38000DB35A /* Info.plist */ = {isa = PBXFileReference; lastKnownFileType = text.plist.xml; path = Info.plist; sourceTree = "<group>"; };
/* End PBXFileReference section */

/* Begin PBXFrameworksBuildPhase section */
		3C030FF826F88E35000DB35A /* Frameworks */ = {
			isa = PBXFrameworksBuildPhase;
			buildActionMask = 2147483647;
			files = (
			);
			runOnlyForDeploymentPostprocessing = 0;
		};
		3C03100E26F88E38000DB35A /* Frameworks */ = {
			isa = PBXFrameworksBuildPhase;
			buildActionMask = 2147483647;
			files = (
			);
			runOnlyForDeploymentPostprocessing = 0;
		};
		3C03101926F88E38000DB35A /* Frameworks */ = {
			isa = PBXFrameworksBuildPhase;
			buildActionMask = 2147483647;
			files = (
			);
			runOnlyForDeploymentPostprocessing = 0;
		};
/* End PBXFrameworksBuildPhase section */

/* Begin PBXGroup section */
		3C030FF226F88E35000DB35A = {
			isa = PBXGroup;
			children = (
				3C030FFD26F88E35000DB35A /* Xylophone */,
				3C03101426F88E38000DB35A /* XylophoneTests */,
				3C03101F26F88E38000DB35A /* XylophoneUITests */,
				3C030FFC26F88E35000DB35A /* Products */,
			);
			sourceTree = "<group>";
		};
		3C030FFC26F88E35000DB35A /* Products */ = {
			isa = PBXGroup;
			children = (
				3C030FFB26F88E35000DB35A /* Xylophone.app */,
				3C03101126F88E38000DB35A /* XylophoneTests.xctest */,
				3C03101C26F88E38000DB35A /* XylophoneUITests.xctest */,
			);
			name = Products;
			sourceTree = "<group>";
		};
		3C030FFD26F88E35000DB35A /* Xylophone */ = {
			isa = PBXGroup;
			children = (
				3C030FFE26F88E35000DB35A /* AppDelegate.swift */,
				3C03100026F88E35000DB35A /* SceneDelegate.swift */,
				3C03100226F88E35000DB35A /* ViewController.swift */,
				3C03100426F88E35000DB35A /* Main.storyboard */,
				3C03100726F88E37000DB35A /* Assets.xcassets */,
				3C03100926F88E37000DB35A /* LaunchScreen.storyboard */,
				3C03100C26F88E37000DB35A /* Info.plist */,
			);
			path = Xylophone;
			sourceTree = "<group>";
		};
		3C03101426F88E38000DB35A /* XylophoneTests */ = {
			isa = PBXGroup;
			children = (
				3C03101526F88E38000DB35A /* XylophoneTests.swift */,
				3C03101726F88E38000DB35A /* Info.plist */,
			);
			path = XylophoneTests;
			sourceTree = "<group>";
		};
		3C03101F26F88E38000DB35A /* XylophoneUITests */ = {
			isa = PBXGroup;
			children = (
				3C03102026F88E38000DB35A /* XylophoneUITests.swift */,
				3C03102226F88E38000DB35A /* Info.plist */,
			);
			path = XylophoneUITests;
			sourceTree = "<group>";
		};
/* End PBXGroup section */

/* Begin PBXNativeTarget section */
		3C030FFA26F88E35000DB35A /* Xylophone */ = {
			isa = PBXNativeTarget;
			buildConfigurationList = 3C03102526F88E38000DB35A /* Build configuration list for PBXNativeTarget "Xylophone" */;
			buildPhases = (
				3C030FF726F88E35000DB35A /* Sources */,
				3C030FF826F88E35000DB35A /* Frameworks */,
				3C030FF926F88E35000DB35A /* Resources */,
			);
			buildRules = (
			);
			dependencies = (
			);
			name = Xylophone;
			productName = Xylophone;
			productReference = 3C030FFB26F88E35000DB35A /* Xylophone.app */;
			productType = "com.apple.product-type.application";
		};
		3C03101026F88E38000DB35A /* XylophoneTests */ = {
			isa = PBXNativeTarget;
			buildConfigurationList = 3C03102826F88E38000DB35A /* Build configuration list for PBXNativeTarget "XylophoneTests" */;
			buildPhases = (
				3C03100D26F88E38000DB35A /* Sources */,
				3C03100E26F88E38000DB35A /* Frameworks */,
				3C03100F26F88E38000DB35A /* Resources */,
			);
			buildRules = (
			);
			dependencies = (
				3C03101326F88E38000DB35A /* PBXTargetDependency */,
			);
			name = XylophoneTests;
			productName = XylophoneTests;
			productReference = 3C03101126F88E38000DB35A /* XylophoneTests.xctest */;
			productType = "com.apple.product-type.bundle.unit-test";
		};
		3C03101B26F88E38000DB35A /* XylophoneUITests */ = {
			isa = PBXNativeTarget;
			buildConfigurationList = 3C03102B26F88E38000DB35A /* Build configuration list for PBXNativeTarget "XylophoneUITests" */;
			buildPhases = (
				3C03101826F88E38000DB35A /* Sources */,
				3C03101926F88E38000DB35A /* Frameworks */,
				3C03101A26F88E38000DB35A /* Resources */,
			);
			buildRules = (
			);
			dependencies = (
				3C03101E26F88E38000DB35A /* PBXTargetDependency */,
			);
			name = XylophoneUITests;
			productName = XylophoneUITests;
			productReference = 3C03101C26F88E38000DB35A /* XylophoneUITests.xctest */;
			productType = "com.apple.product-type.bundle.ui-testing";
		};
/* End PBXNativeTarget section */

/* Begin PBXProject section */
		3C030FF326F88E35000DB35A /* Project object */ = {
			isa = PBXProject;
			attributes = {
				LastSwiftUpdateCheck = 1250;
				LastUpgradeCheck = 1250;
				TargetAttributes = {
					3C030FFA26F88E35000DB35A = {
						CreatedOnToolsVersion = 12.5.1;
					};
					3C03101026F88E38000DB35A = {
						CreatedOnToolsVersion = 12.5.1;
						TestTargetID = 3C030FFA26F88E35000DB35A;
					};
					3C03101B26F88E38000DB35A = {
						CreatedOnToolsVersion = 12.5.1;
						TestTargetID = 3C030FFA26F88E35000DB35A;
					};
				};
			};
			buildConfigurationList = 3C030FF626F88E35000DB35A /* Build configuration list for PBXProject "Xylophone" */;
			compatibilityVersion = "Xcode 9.3";
			developmentRegion = en;
			hasScannedForEncodings = 0;
			knownRegions = (
				en,
				Base,
			);
			mainGroup = 3C030FF226F88E35000DB35A;
			productRefGroup = 3C030FFC26F88E35000DB35A /* Products */;
			projectDirPath = "";
			projectRoot = "";
			targets = (
				3C030FFA26F88E35000DB35A /* Xylophone */,
				3C03101026F88E38000DB35A /* XylophoneTests */,
				3C03101B26F88E38000DB35A /* XylophoneUITests */,
			);
		};
/* End PBXProject section */

/* Begin PBXResourcesBuildPhase section */
		3C030FF926F88E35000DB35A /* Resources */ = {
			isa = PBXResourcesBuildPhase;
			buildActionMask = 2147483647;
			files = (
				3C03100B26F88E37000DB35A /* LaunchScreen.storyboard in Resources */,
				3C03100826F88E37000DB35A /* Assets.xcassets in Resources */,
				3C03100626F88E35000DB35A /* Main.storyboard in Resources */,
			);
			runOnlyForDeploymentPostprocessing = 0;
		};
		3C03100F26F88E38000DB35A /* Resources */ = {
			isa = PBXResourcesBuildPhase;
			buildActionMask = 2147483647;
			files = (
			);
			runOnlyForDeploymentPostprocessing = 0;
		};
		3C03101A26F88E38000DB35A /* Resources */ = {
			isa = PBXResourcesBuildPhase;
			buildActionMask = 2147483647;
			files = (
			);
			runOnlyForDeploymentPostprocessing = 0;
		};
/* End PBXResourcesBuildPhase section */

/* Begin PBXSourcesBuildPhase section */
		3C030FF726F88E35000DB35A /* Sources */ = {
			isa = PBXSourcesBuildPhase;
			buildActionMask = 2147483647;
			files = (
				3C03100326F88E35000DB35A /* ViewController.swift in Sources */,
				3C030FFF26F88E35000DB35A /* AppDelegate.swift in Sources */,
				3C03100126F88E35000DB35A /* SceneDelegate.swift in Sources */,
			);
			runOnlyForDeploymentPostprocessing = 0;
		};
		3C03100D26F88E38000DB35A /* Sources */ = {
			isa = PBXSourcesBuildPhase;
			buildActionMask = 2147483647;
			files = (
				3C03101626F88E38000DB35A /* XylophoneTests.swift in Sources */,
			);
			runOnlyForDeploymentPostprocessing = 0;
		};
		3C03101826F88E38000DB35A /* Sources */ = {
			isa = PBXSourcesBuildPhase;
			buildActionMask = 2147483647;
			files = (
				3C03102126F88E38000DB35A /* XylophoneUITests.swift in Sources */,
			);
			runOnlyForDeploymentPostprocessing = 0;
		};
/* End PBXSourcesBuildPhase section */

/* Begin PBXTargetDependency section */
		3C03101326F88E38000DB35A /* PBXTargetDependency */ = {
			isa = PBXTargetDependency;
			target = 3C030FFA26F88E35000DB35A /* Xylophone */;
			targetProxy = 3C03101226F88E38000DB35A /* PBXContainerItemProxy */;
		};
		3C03101E26F88E38000DB35A /* PBXTargetDependency */ = {
			isa = PBXTargetDependency;
			target = 3C030FFA26F88E35000DB35A /* Xylophone */;
			targetProxy = 3C03101D26F88E38000DB35A /* PBXContainerItemProxy */;
		};
/* End PBXTargetDependency section */

/* Begin PBXVariantGroup section */
		3C03100426F88E35000DB35A /* Main.storyboard */ = {
			isa = PBXVariantGroup;
			children = (
				3C03100526F88E35000DB35A /* Base */,
			);
			name = Main.storyboard;
			sourceTree = "<group>";
		};
		3C03100926F88E37000DB35A /* LaunchScreen.storyboard */ = {
			isa = PBXVariantGroup;
			children = (
				3C03100A26F88E37000DB35A /* Base */,
			);
			name = LaunchScreen.storyboard;
			sourceTree = "<group>";
		};
/* End PBXVariantGroup section */

/* Begin XCBuildConfiguration section */
		3C03102326F88E38000DB35A /* Debug */ = {
			isa = XCBuildConfiguration;
			buildSettings = {
				ALWAYS_SEARCH_USER_PATHS = NO;
				CLANG_ANALYZER_NONNULL = YES;
				CLANG_ANALYZER_NUMBER_OBJECT_CONVERSION = YES_AGGRESSIVE;
				CLANG_CXX_LANGUAGE_STANDARD = "gnu++14";
				CLANG_CXX_LIBRARY = "libc++";
				CLANG_ENABLE_MODULES = YES;
				CLANG_ENABLE_OBJC_ARC = YES;
				CLANG_ENABLE_OBJC_WEAK = YES;
				CLANG_WARN_BLOCK_CAPTURE_AUTORELEASING = YES;
				CLANG_WARN_BOOL_CONVERSION = YES;
				CLANG_WARN_COMMA = YES;
				CLANG_WARN_CONSTANT_CONVERSION = YES;
				CLANG_WARN_DEPRECATED_OBJC_IMPLEMENTATIONS = YES;
				CLANG_WARN_DIRECT_OBJC_ISA_USAGE = YES_ERROR;
				CLANG_WARN_DOCUMENTATION_COMMENTS = YES;
				CLANG_WARN_EMPTY_BODY = YES;
				CLANG_WARN_ENUM_CONVERSION = YES;
				CLANG_WARN_INFINITE_RECURSION = YES;
				CLANG_WARN_INT_CONVERSION = YES;
				CLANG_WARN_NON_LITERAL_NULL_CONVERSION = YES;
				CLANG_WARN_OBJC_IMPLICIT_RETAIN_SELF = YES;
				CLANG_WARN_OBJC_LITERAL_CONVERSION = YES;
				CLANG_WARN_OBJC_ROOT_CLASS = YES_ERROR;
				CLANG_WARN_QUOTED_INCLUDE_IN_FRAMEWORK_HEADER = YES;
				CLANG_WARN_RANGE_LOOP_ANALYSIS = YES;
				CLANG_WARN_STRICT_PROTOTYPES = YES;
				CLANG_WARN_SUSPICIOUS_MOVE = YES;
				CLANG_WARN_UNGUARDED_AVAILABILITY = YES_AGGRESSIVE;
				CLANG_WARN_UNREACHABLE_CODE = YES;
				CLANG_WARN__DUPLICATE_METHOD_MATCH = YES;
				COPY_PHASE_STRIP = NO;
				DEBUG_INFORMATION_FORMAT = dwarf;
				ENABLE_STRICT_OBJC_MSGSEND = YES;
				ENABLE_TESTABILITY = YES;
				GCC_C_LANGUAGE_STANDARD = gnu11;
				GCC_DYNAMIC_NO_PIC = NO;
				GCC_NO_COMMON_BLOCKS = YES;
				GCC_OPTIMIZATION_LEVEL = 0;
				GCC_PREPROCESSOR_DEFINITIONS = (
					"DEBUG=1",
					"$(inherited)",
				);
				GCC_WARN_64_TO_32_BIT_CONVERSION = YES;
				GCC_WARN_ABOUT_RETURN_TYPE = YES_ERROR;
				GCC_WARN_UNDECLARED_SELECTOR = YES;
				GCC_WARN_UNINITIALIZED_AUTOS = YES_AGGRESSIVE;
				GCC_WARN_UNUSED_FUNCTION = YES;
				GCC_WARN_UNUSED_VARIABLE = YES;
				IPHONEOS_DEPLOYMENT_TARGET = 14.5;
				MTL_ENABLE_DEBUG_INFO = INCLUDE_SOURCE;
				MTL_FAST_MATH = YES;
				ONLY_ACTIVE_ARCH = YES;
				SDKROOT = iphoneos;
				SWIFT_ACTIVE_COMPILATION_CONDITIONS = DEBUG;
				SWIFT_OPTIMIZATION_LEVEL = "-Onone";
			};
			name = Debug;
		};
		3C03102426F88E38000DB35A /* Release */ = {
			isa = XCBuildConfiguration;
			buildSettings = {
				ALWAYS_SEARCH_USER_PATHS = NO;
				CLANG_ANALYZER_NONNULL = YES;
				CLANG_ANALYZER_NUMBER_OBJECT_CONVERSION = YES_AGGRESSIVE;
				CLANG_CXX_LANGUAGE_STANDARD = "gnu++14";
				CLANG_CXX_LIBRARY = "libc++";
				CLANG_ENABLE_MODULES = YES;
				CLANG_ENABLE_OBJC_ARC = YES;
				CLANG_ENABLE_OBJC_WEAK = YES;
				CLANG_WARN_BLOCK_CAPTURE_AUTORELEASING = YES;
				CLANG_WARN_BOOL_CONVERSION = YES;
				CLANG_WARN_COMMA = YES;
				CLANG_WARN_CONSTANT_CONVERSION = YES;
				CLANG_WARN_DEPRECATED_OBJC_IMPLEMENTATIONS = YES;
				CLANG_WARN_DIRECT_OBJC_ISA_USAGE = YES_ERROR;
				CLANG_WARN_DOCUMENTATION_COMMENTS = YES;
				CLANG_WARN_EMPTY_BODY = YES;
				CLANG_WARN_ENUM_CONVERSION = YES;
				CLANG_WARN_INFINITE_RECURSION = YES;
				CLANG_WARN_INT_CONVERSION = YES;
				CLANG_WARN_NON_LITERAL_NULL_CONVERSION = YES;
				CLANG_WARN_OBJC_IMPLICIT_RETAIN_SELF = YES;
				CLANG_WARN_OBJC_LITERAL_CONVERSION = YES;
				CLANG_WARN_OBJC_ROOT_CLASS = YES_ERROR;
				CLANG_WARN_QUOTED_INCLUDE_IN_FRAMEWORK_HEADER = YES;
				CLANG_WARN_RANGE_LOOP_ANALYSIS = YES;
				CLANG_WARN_STRICT_PROTOTYPES = YES;
				CLANG_WARN_SUSPICIOUS_MOVE = YES;
				CLANG_WARN_UNGUARDED_AVAILABILITY = YES_AGGRESSIVE;
				CLANG_WARN_UNREACHABLE_CODE = YES;
				CLANG_WARN__DUPLICATE_METHOD_MATCH = YES;
				COPY_PHASE_STRIP = NO;
				DEBUG_INFORMATION_FORMAT = "dwarf-with-dsym";
				ENABLE_NS_ASSERTIONS = NO;
				ENABLE_STRICT_OBJC_MSGSEND = YES;
				GCC_C_LANGUAGE_STANDARD = gnu11;
				GCC_NO_COMMON_BLOCKS = YES;
				GCC_WARN_64_TO_32_BIT_CONVERSION = YES;
				GCC_WARN_ABOUT_RETURN_TYPE = YES_ERROR;
				GCC_WARN_UNDECLARED_SELECTOR = YES;
				GCC_WARN_UNINITIALIZED_AUTOS = YES_AGGRESSIVE;
				GCC_WARN_UNUSED_FUNCTION = YES;
				GCC_WARN_UNUSED_VARIABLE = YES;
				IPHONEOS_DEPLOYMENT_TARGET = 14.5;
				MTL_ENABLE_DEBUG_INFO = NO;
				MTL_FAST_MATH = YES;
				SDKROOT = iphoneos;
				SWIFT_COMPILATION_MODE = wholemodule;
				SWIFT_OPTIMIZATION_LEVEL = "-O";
				VALIDATE_PRODUCT = YES;
			};
			name = Release;
		};
		3C03102626F88E38000DB35A /* Debug */ = {
			isa = XCBuildConfiguration;
			buildSettings = {
				ASSETCATALOG_COMPILER_APPICON_NAME = AppIcon;
				ASSETCATALOG_COMPILER_GLOBAL_ACCENT_COLOR_NAME = AccentColor;
				CODE_SIGN_STYLE = Automatic;
				DEVELOPMENT_TEAM = SL67DKJLZ6;
				INFOPLIST_FILE = Xylophone/Info.plist;
				LD_RUNPATH_SEARCH_PATHS = (
					"$(inherited)",
					"@executable_path/Frameworks",
				);
				PRODUCT_BUNDLE_IDENTIFIER = com.eetuhernesniemi1990.Xylophone;
				PRODUCT_NAME = "$(TARGET_NAME)";
				SWIFT_VERSION = 5.0;
				TARGETED_DEVICE_FAMILY = "1,2";
			};
			name = Debug;
		};
		3C03102726F88E38000DB35A /* Release */ = {
			isa = XCBuildConfiguration;
			buildSettings = {
				ASSETCATALOG_COMPILER_APPICON_NAME = AppIcon;
				ASSETCATALOG_COMPILER_GLOBAL_ACCENT_COLOR_NAME = AccentColor;
				CODE_SIGN_STYLE = Automatic;
				DEVELOPMENT_TEAM = SL67DKJLZ6;
				INFOPLIST_FILE = Xylophone/Info.plist;
				LD_RUNPATH_SEARCH_PATHS = (
					"$(inherited)",
					"@executable_path/Frameworks",
				);
				PRODUCT_BUNDLE_IDENTIFIER = com.eetuhernesniemi1990.Xylophone;
				PRODUCT_NAME = "$(TARGET_NAME)";
				SWIFT_VERSION = 5.0;
				TARGETED_DEVICE_FAMILY = "1,2";
			};
			name = Release;
		};
		3C03102926F88E38000DB35A /* Debug */ = {
			isa = XCBuildConfiguration;
			buildSettings = {
				ALWAYS_EMBED_SWIFT_STANDARD_LIBRARIES = YES;
				BUNDLE_LOADER = "$(TEST_HOST)";
				CODE_SIGN_STYLE = Automatic;
				DEVELOPMENT_TEAM = SL67DKJLZ6;
				INFOPLIST_FILE = XylophoneTests/Info.plist;
				IPHONEOS_DEPLOYMENT_TARGET = 14.5;
				LD_RUNPATH_SEARCH_PATHS = (
					"$(inherited)",
					"@executable_path/Frameworks",
					"@loader_path/Frameworks",
				);
				PRODUCT_BUNDLE_IDENTIFIER = com.eetuhernesniemi1990.XylophoneTests;
				PRODUCT_NAME = "$(TARGET_NAME)";
				SWIFT_VERSION = 5.0;
				TARGETED_DEVICE_FAMILY = "1,2";
				TEST_HOST = "$(BUILT_PRODUCTS_DIR)/Xylophone.app/Xylophone";
			};
			name = Debug;
		};
		3C03102A26F88E38000DB35A /* Release */ = {
			isa = XCBuildConfiguration;
			buildSettings = {
				ALWAYS_EMBED_SWIFT_STANDARD_LIBRARIES = YES;
				BUNDLE_LOADER = "$(TEST_HOST)";
				CODE_SIGN_STYLE = Automatic;
				DEVELOPMENT_TEAM = SL67DKJLZ6;
				INFOPLIST_FILE = XylophoneTests/Info.plist;
				IPHONEOS_DEPLOYMENT_TARGET = 14.5;
				LD_RUNPATH_SEARCH_PATHS = (
					"$(inherited)",
					"@executable_path/Frameworks",
					"@loader_path/Frameworks",
				);
				PRODUCT_BUNDLE_IDENTIFIER = com.eetuhernesniemi1990.XylophoneTests;
				PRODUCT_NAME = "$(TARGET_NAME)";
				SWIFT_VERSION = 5.0;
				TARGETED_DEVICE_FAMILY = "1,2";
				TEST_HOST = "$(BUILT_PRODUCTS_DIR)/Xylophone.app/Xylophone";
			};
			name = Release;
		};
		3C03102C26F88E38000DB35A /* Debug */ = {
			isa = XCBuildConfiguration;
			buildSettings = {
				ALWAYS_EMBED_SWIFT_STANDARD_LIBRARIES = YES;
				CODE_SIGN_STYLE = Automatic;
				DEVELOPMENT_TEAM = SL67DKJLZ6;
				INFOPLIST_FILE = XylophoneUITests/Info.plist;
				LD_RUNPATH_SEARCH_PATHS = (
					"$(inherited)",
					"@executable_path/Frameworks",
					"@loader_path/Frameworks",
				);
				PRODUCT_BUNDLE_IDENTIFIER = com.eetuhernesniemi1990.XylophoneUITests;
				PRODUCT_NAME = "$(TARGET_NAME)";
				SWIFT_VERSION = 5.0;
				TARGETED_DEVICE_FAMILY = "1,2";
				TEST_TARGET_NAME = Xylophone;
			};
			name = Debug;
		};
		3C03102D26F88E38000DB35A /* Release */ = {
			isa = XCBuildConfiguration;
			buildSettings = {
				ALWAYS_EMBED_SWIFT_STANDARD_LIBRARIES = YES;
				CODE_SIGN_STYLE = Automatic;
				DEVELOPMENT_TEAM = SL67DKJLZ6;
				INFOPLIST_FILE = XylophoneUITests/Info.plist;
				LD_RUNPATH_SEARCH_PATHS = (
					"$(inherited)",
					"@executable_path/Frameworks",
					"@loader_path/Frameworks",
				);
				PRODUCT_BUNDLE_IDENTIFIER = com.eetuhernesniemi1990.XylophoneUITests;
				PRODUCT_NAME = "$(TARGET_NAME)";
				SWIFT_VERSION = 5.0;
				TARGETED_DEVICE_FAMILY = "1,2";
				TEST_TARGET_NAME = Xylophone;
			};
			name = Release;
		};
/* End XCBuildConfiguration section */

/* Begin XCConfigurationList section */
		3C030FF626F88E35000DB35A /* Build configuration list for PBXProject "Xylophone" */ = {
			isa = XCConfigurationList;
			buildConfigurations = (
				3C03102326F88E38000DB35A /* Debug */,
				3C03102426F88E38000DB35A /* Release */,
			);
			defaultConfigurationIsVisible = 0;
			defaultConfigurationName = Release;
		};
		3C03102526F88E38000DB35A /* Build configuration list for PBXNativeTarget "Xylophone" */ = {
			isa = XCConfigurationList;
			buildConfigurations = (
				3C03102626F88E38000DB35A /* Debug */,
				3C03102726F88E38000DB35A /* Release */,
			);
			defaultConfigurationIsVisible = 0;
			defaultConfigurationName = Release;
		};
		3C03102826F88E38000DB35A /* Build configuration list for PBXNativeTarget "XylophoneTests" */ = {
			isa = XCConfigurationList;
			buildConfigurations = (
				3C03102926F88E38000DB35A /* Debug */,
				3C03102A26F88E38000DB35A /* Release */,
			);
			defaultConfigurationIsVisible = 0;
			defaultConfigurationName = Release;
		};
		3C03102B26F88E38000DB35A /* Build configuration list for PBXNativeTarget "XylophoneUITests" */ = {
			isa = XCConfigurationList;
			buildConfigurations = (
				3C03102C26F88E38000DB35A /* Debug */,
				3C03102D26F88E38000DB35A /* Release */,
			);
			defaultConfigurationIsVisible = 0;
			defaultConfigurationName = Release;
		};
/* End XCConfigurationList section */
	};
	rootObject = 3C030FF326F88E35000DB35A /* Project object */;
}
